
Microsoft Visual Studio Solution File, Format Version 12.00
# Visual Studio Version 17
VisualStudioVersion = 17.10.35013.160
MinimumVisualStudioVersion = 10.0.40219.1
Project("{FAE04EC0-301F-11D3-BF4B-00C04F79EFBC}") = "Simple_Contact_Manage_System", "Simple_Contact_Manage_System\Simple_Contact_Manage_System.csproj", "{7A2C0238-0705-4C0D-8BE9-3A3A7931126F}"
EndProject
Project("{FAE04EC0-301F-11D3-BF4B-00C04F79EFBC}") = "System_DAL", "System_DAL\System_DAL.csproj", "{61B56096-66B9-4314-91CC-89F564B7EE57}"
EndProject
Project("{FAE04EC0-301F-11D3-BF4B-00C04F79EFBC}") = "System_BLL", "System_BLL\System_BLL.csproj", "{10562B26-4A57-4240-9D2E-4A208948B17F}"
EndProject
Global
	GlobalSection(SolutionConfigurationPlatforms) = preSolution
		Debug|Any CPU = Debug|Any CPU
		Release|Any CPU = Release|Any CPU
	EndGlobalSection
	GlobalSection(ProjectConfigurationPlatforms) = postSolution
		{7A2C0238-0705-4C0D-8BE9-3A3A7931126F}.Debug|Any CPU.ActiveCfg = Debug|Any CPU
		{7A2C0238-0705-4C0D-8BE9-3A3A7931126F}.Debug|Any CPU.Build.0 = Debug|Any CPU
		{7A2C0238-0705-4C0D-8BE9-3A3A7931126F}.Release|Any CPU.ActiveCfg = Release|Any CPU
		{7A2C0238-0705-4C0D-8BE9-3A3A7931126F}.Release|Any CPU.Build.0 = Release|Any CPU
		{61B56096-66B9-4314-91CC-89F564B7EE57}.Debug|Any CPU.ActiveCfg = Debug|Any CPU
		{61B56096-66B9-4314-91CC-89F564B7EE57}.Debug|Any CPU.Build.0 = Debug|Any CPU
		{61B56096-66B9-4314-91CC-89F564B7EE57}.Release|Any CPU.ActiveCfg = Release|Any CPU
		{61B56096-66B9-4314-91CC-89F564B7EE57}.Release|Any CPU.Build.0 = Release|Any CPU
		{10562B26-4A57-4240-9D2E-4A208948B17F}.Debug|Any CPU.ActiveCfg = Debug|Any CPU
		{10562B26-4A57-4240-9D2E-4A208948B17F}.Debug|Any CPU.Build.0 = Debug|Any CPU
		{10562B26-4A57-4240-9D2E-4A208948B17F}.Release|Any CPU.ActiveCfg = Release|Any CPU
		{10562B26-4A57-4240-9D2E-4A208948B17F}.Release|Any CPU.Build.0 = Release|Any CPU
	EndGlobalSection
	GlobalSection(SolutionProperties) = preSolution
		HideSolutionNode = FALSE
	EndGlobalSection
	GlobalSection(ExtensibilityGlobals) = postSolution
		SolutionGuid = {C656DD4D-8ACB-4DE0-AE42-9C6564B155E4}
	EndGlobalSection
EndGlobal
